
Microsoft Visual Studio Solution File, Format Version 12.00
# Visual Studio 15
VisualStudioVersion = 15.0.28307.757
MinimumVisualStudioVersion = 10.0.40219.1
Project("{9A19103F-16F7-4668-BE54-9A1E7A4F7556}") = "GameLife.Core", "GameLife.Core\GameLife.Core.csproj", "{586A3644-AD4C-422B-A41A-041926CC5861}"
EndProject
Project("{9A19103F-16F7-4668-BE54-9A1E7A4F7556}") = "GameLife.Core.Test", "GameLife.Core.Test\GameLife.Core.Test.csproj", "{1D6A4E26-199C-4549-AC8F-50DFCC97655E}"
EndProject
Project("{FAE04EC0-301F-11D3-BF4B-00C04F79EFBC}") = "GameLive.Web", "GameLive.Web\GameLive.Web.csproj", "{991107DF-627A-4225-B0F2-E66592A4E296}"
EndProject
Global
	GlobalSection(SolutionConfigurationPlatforms) = preSolution
		Debug|Any CPU = Debug|Any CPU
		Release|Any CPU = Release|Any CPU
	EndGlobalSection
	GlobalSection(ProjectConfigurationPlatforms) = postSolution
		{586A3644-AD4C-422B-A41A-041926CC5861}.Debug|Any CPU.ActiveCfg = Debug|Any CPU
		{586A3644-AD4C-422B-A41A-041926CC5861}.Debug|Any CPU.Build.0 = Debug|Any CPU
		{586A3644-AD4C-422B-A41A-041926CC5861}.Release|Any CPU.ActiveCfg = Release|Any CPU
		{586A3644-AD4C-422B-A41A-041926CC5861}.Release|Any CPU.Build.0 = Release|Any CPU
		{1D6A4E26-199C-4549-AC8F-50DFCC97655E}.Debug|Any CPU.ActiveCfg = Debug|Any CPU
		{1D6A4E26-199C-4549-AC8F-50DFCC97655E}.Debug|Any CPU.Build.0 = Debug|Any CPU
		{1D6A4E26-199C-4549-AC8F-50DFCC97655E}.Release|Any CPU.ActiveCfg = Release|Any CPU
		{1D6A4E26-199C-4549-AC8F-50DFCC97655E}.Release|Any CPU.Build.0 = Release|Any CPU
		{991107DF-627A-4225-B0F2-E66592A4E296}.Debug|Any CPU.ActiveCfg = Debug|Any CPU
		{991107DF-627A-4225-B0F2-E66592A4E296}.Debug|Any CPU.Build.0 = Debug|Any CPU
		{991107DF-627A-4225-B0F2-E66592A4E296}.Release|Any CPU.ActiveCfg = Release|Any CPU
		{991107DF-627A-4225-B0F2-E66592A4E296}.Release|Any CPU.Build.0 = Release|Any CPU
	EndGlobalSection
	GlobalSection(SolutionProperties) = preSolution
		HideSolutionNode = FALSE
	EndGlobalSection
	GlobalSection(ExtensibilityGlobals) = postSolution
		SolutionGuid = {9DC5DCA9-8744-4F7C-BB48-0E6F453BE997}
	EndGlobalSection
EndGlobal
